github.com/lib/pq v1.10.9 h1:YXG7RB+JIjhP29X+OtkiDnYaXQwpS4JEWq7dtCCRUEw=
github.com/lib/pq v1.10.9/go.mod h1:AlVN5x4E4T544tWzH6hKfbfQvm3HdbOxrmggDNAPY9o=
honnef.co/go/tools v0.4.5 h1:YGD4H+SuIOOqsyoLOpZDWcieM28W47/zRO7f+9V3nvo=
honnef.co/go/tools v0.4.5/go.mod h1:GUV+uIBCLpdf0/v6UhHHG/yzI/z6qPskBeQCjcNB96k=
